
Microsoft Visual Studio Solution File, Format Version 12.00
# Visual Studio Version 17
VisualStudioVersion = 17.6.33815.320
MinimumVisualStudioVersion = 10.0.40219.1
Project("{FAE04EC0-301F-11D3-BF4B-00C04F79EFBC}") = "PL", "PL\PL.csproj", "{6C35D730-0CC4-46FC-AA17-7849118AC31F}"
EndProject
Project("{FAE04EC0-301F-11D3-BF4B-00C04F79EFBC}") = "BL", "BL\BL.csproj", "{5D3F6A2C-7D78-443E-A7AE-8481F5B813D0}"
EndProject
Project("{FAE04EC0-301F-11D3-BF4B-00C04F79EFBC}") = "DL", "DL\DL.csproj", "{AA530BA2-014D-4013-BAA0-131D1692EE03}"
EndProject
Project("{FAE04EC0-301F-11D3-BF4B-00C04F79EFBC}") = "ML", "ML\ML.csproj", "{8A20B39F-FE8A-46FF-B34A-74A8A3CB9D88}"
EndProject
Global
	GlobalSection(SolutionConfigurationPlatforms) = preSolution
		Debug|Any CPU = Debug|Any CPU
		Release|Any CPU = Release|Any CPU
	EndGlobalSection
	GlobalSection(ProjectConfigurationPlatforms) = postSolution
		{6C35D730-0CC4-46FC-AA17-7849118AC31F}.Debug|Any CPU.ActiveCfg = Debug|Any CPU
		{6C35D730-0CC4-46FC-AA17-7849118AC31F}.Debug|Any CPU.Build.0 = Debug|Any CPU
		{6C35D730-0CC4-46FC-AA17-7849118AC31F}.Release|Any CPU.ActiveCfg = Release|Any CPU
		{6C35D730-0CC4-46FC-AA17-7849118AC31F}.Release|Any CPU.Build.0 = Release|Any CPU
		{5D3F6A2C-7D78-443E-A7AE-8481F5B813D0}.Debug|Any CPU.ActiveCfg = Debug|Any CPU
		{5D3F6A2C-7D78-443E-A7AE-8481F5B813D0}.Debug|Any CPU.Build.0 = Debug|Any CPU
		{5D3F6A2C-7D78-443E-A7AE-8481F5B813D0}.Release|Any CPU.ActiveCfg = Release|Any CPU
		{5D3F6A2C-7D78-443E-A7AE-8481F5B813D0}.Release|Any CPU.Build.0 = Release|Any CPU
		{AA530BA2-014D-4013-BAA0-131D1692EE03}.Debug|Any CPU.ActiveCfg = Debug|Any CPU
		{AA530BA2-014D-4013-BAA0-131D1692EE03}.Debug|Any CPU.Build.0 = Debug|Any CPU
		{AA530BA2-014D-4013-BAA0-131D1692EE03}.Release|Any CPU.ActiveCfg = Release|Any CPU
		{AA530BA2-014D-4013-BAA0-131D1692EE03}.Release|Any CPU.Build.0 = Release|Any CPU
		{8A20B39F-FE8A-46FF-B34A-74A8A3CB9D88}.Debug|Any CPU.ActiveCfg = Debug|Any CPU
		{8A20B39F-FE8A-46FF-B34A-74A8A3CB9D88}.Debug|Any CPU.Build.0 = Debug|Any CPU
		{8A20B39F-FE8A-46FF-B34A-74A8A3CB9D88}.Release|Any CPU.ActiveCfg = Release|Any CPU
		{8A20B39F-FE8A-46FF-B34A-74A8A3CB9D88}.Release|Any CPU.Build.0 = Release|Any CPU
	EndGlobalSection
	GlobalSection(SolutionProperties) = preSolution
		HideSolutionNode = FALSE
	EndGlobalSection
	GlobalSection(ExtensibilityGlobals) = postSolution
		SolutionGuid = {DB5A19AE-72BB-465F-861F-5CAD3EDDCB33}
	EndGlobalSection
EndGlobal
